
Microsoft Visual Studio Solution File, Format Version 12.00
# Visual Studio Version 17
VisualStudioVersion = 17.3.32922.545
MinimumVisualStudioVersion = 10.0.40219.1
Project("{FAE04EC0-301F-11D3-BF4B-00C04F79EFBC}") = "MyWebApiProject", "MyWebApiProject\MyWebApiProject.csproj", "{0A28869D-8623-42BE-B2CC-7836DB0C2D19}"
EndProject
Global
	GlobalSection(SolutionConfigurationPlatforms) = preSolution
		Debug|Any CPU = Debug|Any CPU
		Release|Any CPU = Release|Any CPU
	EndGlobalSection
	GlobalSection(ProjectConfigurationPlatforms) = postSolution
		{0A28869D-8623-42BE-B2CC-7836DB0C2D19}.Debug|Any CPU.ActiveCfg = Debug|Any CPU
		{0A28869D-8623-42BE-B2CC-7836DB0C2D19}.Debug|Any CPU.Build.0 = Debug|Any CPU
		{0A28869D-8623-42BE-B2CC-7836DB0C2D19}.Release|Any CPU.ActiveCfg = Release|Any CPU
		{0A28869D-8623-42BE-B2CC-7836DB0C2D19}.Release|Any CPU.Build.0 = Release|Any CPU
	EndGlobalSection
	GlobalSection(SolutionProperties) = preSolution
		HideSolutionNode = FALSE
	EndGlobalSection
	GlobalSection(ExtensibilityGlobals) = postSolution
		SolutionGuid = {992A22C5-B595-4579-83B5-65ED8752F5DC}
	EndGlobalSection
EndGlobal
